
Microsoft Visual Studio Solution File, Format Version 12.00
# Visual Studio Version 16
VisualStudioVersion = 16.0.30907.101
MinimumVisualStudioVersion = 10.0.40219.1
Project("{FAE04EC0-301F-11D3-BF4B-00C04F79EFBC}") = "ConsoleApp1", "ConsoleApp1.csproj", "{2DCEEE84-291A-4A55-99B8-6F8A4B649459}"
EndProject
Project("{FAE04EC0-301F-11D3-BF4B-00C04F79EFBC}") = "UnitTestProject1", "..\UnitTestProject1\UnitTestProject1.csproj", "{C51E2C97-34D0-4377-B7DC-871662AE5E7E}"
EndProject
Global
	GlobalSection(SolutionConfigurationPlatforms) = preSolution
		Debug|Any CPU = Debug|Any CPU
		Release|Any CPU = Release|Any CPU
	EndGlobalSection
	GlobalSection(ProjectConfigurationPlatforms) = postSolution
		{2DCEEE84-291A-4A55-99B8-6F8A4B649459}.Debug|Any CPU.ActiveCfg = Debug|Any CPU
		{2DCEEE84-291A-4A55-99B8-6F8A4B649459}.Debug|Any CPU.Build.0 = Debug|Any CPU
		{2DCEEE84-291A-4A55-99B8-6F8A4B649459}.Release|Any CPU.ActiveCfg = Release|Any CPU
		{2DCEEE84-291A-4A55-99B8-6F8A4B649459}.Release|Any CPU.Build.0 = Release|Any CPU
		{C51E2C97-34D0-4377-B7DC-871662AE5E7E}.Debug|Any CPU.ActiveCfg = Debug|Any CPU
		{C51E2C97-34D0-4377-B7DC-871662AE5E7E}.Debug|Any CPU.Build.0 = Debug|Any CPU
		{C51E2C97-34D0-4377-B7DC-871662AE5E7E}.Release|Any CPU.ActiveCfg = Release|Any CPU
		{C51E2C97-34D0-4377-B7DC-871662AE5E7E}.Release|Any CPU.Build.0 = Release|Any CPU
	EndGlobalSection
	GlobalSection(SolutionProperties) = preSolution
		HideSolutionNode = FALSE
	EndGlobalSection
	GlobalSection(ExtensibilityGlobals) = postSolution
		SolutionGuid = {A6F6E519-983F-492C-AAE3-302DF113DE59}
	EndGlobalSection
EndGlobal
